{
  "name": "Musicurious",
  "lockfileVersion": 2,
  "requires": true,
  "packages": {
    "": {
      "dependencies": {
        "algoliasearch": "^4.19.1"
      }
    },
    "node_modules/@algolia/cache-browser-local-storage": {
      "version": "4.19.1",
      "resolved": "https://registry.npmjs.org/@algolia/cache-browser-local-storage/-/cache-browser-local-storage-4.19.1.tgz",
      "integrity": "sha512-FYAZWcGsFTTaSAwj9Std8UML3Bu8dyWDncM7Ls8g+58UOe4XYdlgzXWbrIgjaguP63pCCbMoExKr61B+ztK3tw==",
      "dependencies": {
        "@algolia/cache-common": "4.19.1"
      }
    },
    "node_modules/@algolia/cache-common": {
      "version": "4.19.1",
      "resolved": "https://registry.npmjs.org/@algolia/cache-common/-/cache-common-4.19.1.tgz",
      "integrity": "sha512-XGghi3l0qA38HiqdoUY+wvGyBsGvKZ6U3vTiMBT4hArhP3fOGLXpIINgMiiGjTe4FVlTa5a/7Zf2bwlIHfRqqg=="
    },
    "node_modules/@algolia/cache-in-memory": {
      "version": "4.19.1",
      "resolved": "https://registry.npmjs.org/@algolia/cache-in-memory/-/cache-in-memory-4.19.1.tgz",
      "integrity": "sha512-+PDWL+XALGvIginigzu8oU6eWw+o76Z8zHbBovWYcrtWOEtinbl7a7UTt3x3lthv+wNuFr/YD1Gf+B+A9V8n5w==",
      "dependencies": {
        "@algolia/cache-common": "4.19.1"
      }
    },
    "node_modules/@algolia/client-account": {
      "version": "4.19.1",
      "resolved": "https://registry.npmjs.org/@algolia/client-account/-/client-account-4.19.1.tgz",
      "integrity": "sha512-Oy0ritA2k7AMxQ2JwNpfaEcgXEDgeyKu0V7E7xt/ZJRdXfEpZcwp9TOg4TJHC7Ia62gIeT2Y/ynzsxccPw92GA==",
      "dependencies": {
        "@algolia/client-common": "4.19.1",
        "@algolia/client-search": "4.19.1",
        "@algolia/transporter": "4.19.1"
      }
    },
    "node_modules/@algolia/client-analytics": {
      "version": "4.19.1",
      "resolved": "https://registry.npmjs.org/@algolia/client-analytics/-/client-analytics-4.19.1.tgz",
      "integrity": "sha512-5QCq2zmgdZLIQhHqwl55ZvKVpLM3DNWjFI4T+bHr3rGu23ew2bLO4YtyxaZeChmDb85jUdPDouDlCumGfk6wOg==",
      "dependencies": {
        "@algolia/client-common": "4.19.1",
        "@algolia/client-search": "4.19.1",
        "@algolia/requester-common": "4.19.1",
        "@algolia/transporter": "4.19.1"
      }
    },
    "node_modules/@algolia/client-common": {
      "version": "4.19.1",
      "resolved": "https://registry.npmjs.org/@algolia/client-common/-/client-common-4.19.1.tgz",
      "integrity": "sha512-3kAIVqTcPrjfS389KQvKzliC559x+BDRxtWamVJt8IVp7LGnjq+aVAXg4Xogkur1MUrScTZ59/AaUd5EdpyXgA==",
      "dependencies": {
        "@algolia/requester-common": "4.19.1",
        "@algolia/transporter": "4.19.1"
      }
    },
    "node_modules/@algolia/client-personalization": {
      "version": "4.19.1",
      "resolved": "https://registry.npmjs.org/@algolia/client-personalization/-/client-personalization-4.19.1.tgz",
      "integrity": "sha512-8CWz4/H5FA+krm9HMw2HUQenizC/DxUtsI5oYC0Jxxyce1vsr8cb1aEiSJArQT6IzMynrERif1RVWLac1m36xw==",
      "dependencies": {
        "@algolia/client-common": "4.19.1",
        "@algolia/requester-common": "4.19.1",
        "@algolia/transporter": "4.19.1"
      }
    },
    "node_modules/@algolia/client-search": {
      "version": "4.19.1",
      "resolved": "https://registry.npmjs.org/@algolia/client-search/-/client-search-4.19.1.tgz",
      "integrity": "sha512-mBecfMFS4N+yK/p0ZbK53vrZbL6OtWMk8YmnOv1i0LXx4pelY8TFhqKoTit3NPVPwoSNN0vdSN9dTu1xr1XOVw==",
      "dependencies": {
        "@algolia/client-common": "4.19.1",
        "@algolia/requester-common": "4.19.1",
        "@algolia/transporter": "4.19.1"
      }
    },
    "node_modules/@algolia/logger-common": {
      "version": "4.19.1",
      "resolved": "https://registry.npmjs.org/@algolia/logger-common/-/logger-common-4.19.1.tgz",
      "integrity": "sha512-i6pLPZW/+/YXKis8gpmSiNk1lOmYCmRI6+x6d2Qk1OdfvX051nRVdalRbEcVTpSQX6FQAoyeaui0cUfLYW5Elw=="
    },
    "node_modules/@algolia/logger-console": {
      "version": "4.19.1",
      "resolved": "https://registry.npmjs.org/@algolia/logger-console/-/logger-console-4.19.1.tgz",
      "integrity": "sha512-jj72k9GKb9W0c7TyC3cuZtTr0CngLBLmc8trzZlXdfvQiigpUdvTi1KoWIb2ZMcRBG7Tl8hSb81zEY3zI2RlXg==",
      "dependencies": {
        "@algolia/logger-common": "4.19.1"
      }
    },
    "node_modules/@algolia/requester-browser-xhr": {
      "version": "4.19.1",
      "resolved": "https://registry.npmjs.org/@algolia/requester-browser-xhr/-/requester-browser-xhr-4.19.1.tgz",
      "integrity": "sha512-09K/+t7lptsweRTueHnSnmPqIxbHMowejAkn9XIcJMLdseS3zl8ObnS5GWea86mu3vy4+8H+ZBKkUN82Zsq/zg==",
      "dependencies": {
        "@algolia/requester-common": "4.19.1"
      }
    },
    "node_modules/@algolia/requester-common": {
      "version": "4.19.1",
      "resolved": "https://registry.npmjs.org/@algolia/requester-common/-/requester-common-4.19.1.tgz",
      "integrity": "sha512-BisRkcWVxrDzF1YPhAckmi2CFYK+jdMT60q10d7z3PX+w6fPPukxHRnZwooiTUrzFe50UBmLItGizWHP5bDzVQ=="
    },
    "node_modules/@algolia/requester-node-http": {
      "version": "4.19.1",
      "resolved": "https://registry.npmjs.org/@algolia/requester-node-http/-/requester-node-http-4.19.1.tgz",
      "integrity": "sha512-6DK52DHviBHTG2BK/Vv2GIlEw7i+vxm7ypZW0Z7vybGCNDeWzADx+/TmxjkES2h15+FZOqVf/Ja677gePsVItA==",
      "dependencies": {
        "@algolia/requester-common": "4.19.1"
      }
    },
    "node_modules/@algolia/transporter": {
      "version": "4.19.1",
      "resolved": "https://registry.npmjs.org/@algolia/transporter/-/transporter-4.19.1.tgz",
      "integrity": "sha512-nkpvPWbpuzxo1flEYqNIbGz7xhfhGOKGAZS7tzC+TELgEmi7z99qRyTfNSUlW7LZmB3ACdnqAo+9A9KFBENviQ==",
      "dependencies": {
        "@algolia/cache-common": "4.19.1",
        "@algolia/logger-common": "4.19.1",
        "@algolia/requester-common": "4.19.1"
      }
    },
    "node_modules/algoliasearch": {
      "version": "4.19.1",
      "resolved": "https://registry.npmjs.org/algoliasearch/-/algoliasearch-4.19.1.tgz",
      "integrity": "sha512-IJF5b93b2MgAzcE/tuzW0yOPnuUyRgGAtaPv5UUywXM8kzqfdwZTO4sPJBzoGz1eOy6H9uEchsJsBFTELZSu+g==",
      "dependencies": {
        "@algolia/cache-browser-local-storage": "4.19.1",
        "@algolia/cache-common": "4.19.1",
        "@algolia/cache-in-memory": "4.19.1",
        "@algolia/client-account": "4.19.1",
        "@algolia/client-analytics": "4.19.1",
        "@algolia/client-common": "4.19.1",
        "@algolia/client-personalization": "4.19.1",
        "@algolia/client-search": "4.19.1",
        "@algolia/logger-common": "4.19.1",
        "@algolia/logger-console": "4.19.1",
        "@algolia/requester-browser-xhr": "4.19.1",
        "@algolia/requester-common": "4.19.1",
        "@algolia/requester-node-http": "4.19.1",
        "@algolia/transporter": "4.19.1"
      }
    }
  },
  "dependencies": {
    "@algolia/cache-browser-local-storage": {
      "version": "4.19.1",
      "resolved": "https://registry.npmjs.org/@algolia/cache-browser-local-storage/-/cache-browser-local-storage-4.19.1.tgz",
      "integrity": "sha512-FYAZWcGsFTTaSAwj9Std8UML3Bu8dyWDncM7Ls8g+58UOe4XYdlgzXWbrIgjaguP63pCCbMoExKr61B+ztK3tw==",
      "requires": {
        "@algolia/cache-common": "4.19.1"
      }
    },
    "@algolia/cache-common": {
      "version": "4.19.1",
      "resolved": "https://registry.npmjs.org/@algolia/cache-common/-/cache-common-4.19.1.tgz",
      "integrity": "sha512-XGghi3l0qA38HiqdoUY+wvGyBsGvKZ6U3vTiMBT4hArhP3fOGLXpIINgMiiGjTe4FVlTa5a/7Zf2bwlIHfRqqg=="
    },
    "@algolia/cache-in-memory": {
      "version": "4.19.1",
      "resolved": "https://registry.npmjs.org/@algolia/cache-in-memory/-/cache-in-memory-4.19.1.tgz",
      "integrity": "sha512-+PDWL+XALGvIginigzu8oU6eWw+o76Z8zHbBovWYcrtWOEtinbl7a7UTt3x3lthv+wNuFr/YD1Gf+B+A9V8n5w==",
      "requires": {
        "@algolia/cache-common": "4.19.1"
      }
    },
    "@algolia/client-account": {
      "version": "4.19.1",
      "resolved": "https://registry.npmjs.org/@algolia/client-account/-/client-account-4.19.1.tgz",
      "integrity": "sha512-Oy0ritA2k7AMxQ2JwNpfaEcgXEDgeyKu0V7E7xt/ZJRdXfEpZcwp9TOg4TJHC7Ia62gIeT2Y/ynzsxccPw92GA==",
      "requires": {
        "@algolia/client-common": "4.19.1",
        "@algolia/client-search": "4.19.1",
        "@algolia/transporter": "4.19.1"
      }
    },
    "@algolia/client-analytics": {
      "version": "4.19.1",
      "resolved": "https://registry.npmjs.org/@algolia/client-analytics/-/client-analytics-4.19.1.tgz",
      "integrity": "sha512-5QCq2zmgdZLIQhHqwl55ZvKVpLM3DNWjFI4T+bHr3rGu23ew2bLO4YtyxaZeChmDb85jUdPDouDlCumGfk6wOg==",
      "requires": {
        "@algolia/client-common": "4.19.1",
        "@algolia/client-search": "4.19.1",
        "@algolia/requester-common": "4.19.1",
        "@algolia/transporter": "4.19.1"
      }
    },
    "@algolia/client-common": {
      "version": "4.19.1",
      "resolved": "https://registry.npmjs.org/@algolia/client-common/-/client-common-4.19.1.tgz",
      "integrity": "sha512-3kAIVqTcPrjfS389KQvKzliC559x+BDRxtWamVJt8IVp7LGnjq+aVAXg4Xogkur1MUrScTZ59/AaUd5EdpyXgA==",
      "requires": {
        "@algolia/requester-common": "4.19.1",
        "@algolia/transporter": "4.19.1"
      }
    },
    "@algolia/client-personalization": {
      "version": "4.19.1",
      "resolved": "https://registry.npmjs.org/@algolia/client-personalization/-/client-personalization-4.19.1.tgz",
      "integrity": "sha512-8CWz4/H5FA+krm9HMw2HUQenizC/DxUtsI5oYC0Jxxyce1vsr8cb1aEiSJArQT6IzMynrERif1RVWLac1m36xw==",
      "requires": {
        "@algolia/client-common": "4.19.1",
        "@algolia/requester-common": "4.19.1",
        "@algolia/transporter": "4.19.1"
      }
    },
    "@algolia/client-search": {
      "version": "4.19.1",
      "resolved": "https://registry.npmjs.org/@algolia/client-search/-/client-search-4.19.1.tgz",
      "integrity": "sha512-mBecfMFS4N+yK/p0ZbK53vrZbL6OtWMk8YmnOv1i0LXx4pelY8TFhqKoTit3NPVPwoSNN0vdSN9dTu1xr1XOVw==",
      "requires": {
        "@algolia/client-common": "4.19.1",
        "@algolia/requester-common": "4.19.1",
        "@algolia/transporter": "4.19.1"
      }
    },
    "@algolia/logger-common": {
      "version": "4.19.1",
      "resolved": "https://registry.npmjs.org/@algolia/logger-common/-/logger-common-4.19.1.tgz",
      "integrity": "sha512-i6pLPZW/+/YXKis8gpmSiNk1lOmYCmRI6+x6d2Qk1OdfvX051nRVdalRbEcVTpSQX6FQAoyeaui0cUfLYW5Elw=="
    },
    "@algolia/logger-console": {
      "version": "4.19.1",
      "resolved": "https://registry.npmjs.org/@algolia/logger-console/-/logger-console-4.19.1.tgz",
      "integrity": "sha512-jj72k9GKb9W0c7TyC3cuZtTr0CngLBLmc8trzZlXdfvQiigpUdvTi1KoWIb2ZMcRBG7Tl8hSb81zEY3zI2RlXg==",
      "requires": {
        "@algolia/logger-common": "4.19.1"
      }
    },
    "@algolia/requester-browser-xhr": {
      "version": "4.19.1",
      "resolved": "https://registry.npmjs.org/@algolia/requester-browser-xhr/-/requester-browser-xhr-4.19.1.tgz",
      "integrity": "sha512-09K/+t7lptsweRTueHnSnmPqIxbHMowejAkn9XIcJMLdseS3zl8ObnS5GWea86mu3vy4+8H+ZBKkUN82Zsq/zg==",
      "requires": {
        "@algolia/requester-common": "4.19.1"
      }
    },
    "@algolia/requester-common": {
      "version": "4.19.1",
      "resolved": "https://registry.npmjs.org/@algolia/requester-common/-/requester-common-4.19.1.tgz",
      "integrity": "sha512-BisRkcWVxrDzF1YPhAckmi2CFYK+jdMT60q10d7z3PX+w6fPPukxHRnZwooiTUrzFe50UBmLItGizWHP5bDzVQ=="
    },
    "@algolia/requester-node-http": {
      "version": "4.19.1",
      "resolved": "https://registry.npmjs.org/@algolia/requester-node-http/-/requester-node-http-4.19.1.tgz",
      "integrity": "sha512-6DK52DHviBHTG2BK/Vv2GIlEw7i+vxm7ypZW0Z7vybGCNDeWzADx+/TmxjkES2h15+FZOqVf/Ja677gePsVItA==",
      "requires": {
        "@algolia/requester-common": "4.19.1"
      }
    },
    "@algolia/transporter": {
      "version": "4.19.1",
      "resolved": "https://registry.npmjs.org/@algolia/transporter/-/transporter-4.19.1.tgz",
      "integrity": "sha512-nkpvPWbpuzxo1flEYqNIbGz7xhfhGOKGAZS7tzC+TELgEmi7z99qRyTfNSUlW7LZmB3ACdnqAo+9A9KFBENviQ==",
      "requires": {
        "@algolia/cache-common": "4.19.1",
        "@algolia/logger-common": "4.19.1",
        "@algolia/requester-common": "4.19.1"
      }
    },
    "algoliasearch": {
      "version": "4.19.1",
      "resolved": "https://registry.npmjs.org/algoliasearch/-/algoliasearch-4.19.1.tgz",
      "integrity": "sha512-IJF5b93b2MgAzcE/tuzW0yOPnuUyRgGAtaPv5UUywXM8kzqfdwZTO4sPJBzoGz1eOy6H9uEchsJsBFTELZSu+g==",
      "requires": {
        "@algolia/cache-browser-local-storage": "4.19.1",
        "@algolia/cache-common": "4.19.1",
        "@algolia/cache-in-memory": "4.19.1",
        "@algolia/client-account": "4.19.1",
        "@algolia/client-analytics": "4.19.1",
        "@algolia/client-common": "4.19.1",
        "@algolia/client-personalization": "4.19.1",
        "@algolia/client-search": "4.19.1",
        "@algolia/logger-common": "4.19.1",
        "@algolia/logger-console": "4.19.1",
        "@algolia/requester-browser-xhr": "4.19.1",
        "@algolia/requester-common": "4.19.1",
        "@algolia/requester-node-http": "4.19.1",
        "@algolia/transporter": "4.19.1"
      }
    }
  }
}
